
Microsoft Visual Studio Solution File, Format Version 12.00
# Visual Studio Version 16
VisualStudioVersion = 16.0.29201.188
MinimumVisualStudioVersion = 10.0.40219.1
Project("{FAE04EC0-301F-11D3-BF4B-00C04F79EFBC}") = "HangmanFinal", "HangmanFinal\HangmanFinal.csproj", "{1A1C4EB4-FA90-4639-A3C1-215AA1E7CF98}"
EndProject
Global
	GlobalSection(SolutionConfigurationPlatforms) = preSolution
		Debug|Any CPU = Debug|Any CPU
		Release|Any CPU = Release|Any CPU
	EndGlobalSection
	GlobalSection(ProjectConfigurationPlatforms) = postSolution
		{1A1C4EB4-FA90-4639-A3C1-215AA1E7CF98}.Debug|Any CPU.ActiveCfg = Debug|Any CPU
		{1A1C4EB4-FA90-4639-A3C1-215AA1E7CF98}.Debug|Any CPU.Build.0 = Debug|Any CPU
		{1A1C4EB4-FA90-4639-A3C1-215AA1E7CF98}.Release|Any CPU.ActiveCfg = Release|Any CPU
		{1A1C4EB4-FA90-4639-A3C1-215AA1E7CF98}.Release|Any CPU.Build.0 = Release|Any CPU
	EndGlobalSection
	GlobalSection(SolutionProperties) = preSolution
		HideSolutionNode = FALSE
	EndGlobalSection
	GlobalSection(ExtensibilityGlobals) = postSolution
		SolutionGuid = {1FEAD0B2-0518-45E8-9869-0E2A58C7BA89}
	EndGlobalSection
EndGlobal
